// !$*UTF8*$!
{
	archiveVersion = 1;
	classes = {
	};
	objectVersion = 51;
	objects = {

/* Begin PBXBuildFile section */
		4734D16B52D18DACA713A466 /* Pods_PetManager.framework in Frameworks */ = {isa = PBXBuildFile; fileRef = DA6281A9AC8366D5F1435CFE /* Pods_PetManager.framework */; };
		53103F962573224600EF569C /* PostViewController.swift in Sources */ = {isa = PBXBuildFile; fileRef = 53103F952573224600EF569C /* PostViewController.swift */; };
		53103F9B2573225A00EF569C /* HealthFeedViewController.swift in Sources */ = {isa = PBXBuildFile; fileRef = 53103F9A2573225A00EF569C /* HealthFeedViewController.swift */; };
		8F27D5942569A69C00B0690B /* AppDelegate.swift in Sources */ = {isa = PBXBuildFile; fileRef = 8F27D5932569A69C00B0690B /* AppDelegate.swift */; };
		8F27D5962569A69C00B0690B /* SceneDelegate.swift in Sources */ = {isa = PBXBuildFile; fileRef = 8F27D5952569A69C00B0690B /* SceneDelegate.swift */; };
		8F27D59D2569A69D00B0690B /* Assets.xcassets in Resources */ = {isa = PBXBuildFile; fileRef = 8F27D59C2569A69D00B0690B /* Assets.xcassets */; };
		8F27D5A02569A69D00B0690B /* LaunchScreen.storyboard in Resources */ = {isa = PBXBuildFile; fileRef = 8F27D59E2569A69D00B0690B /* LaunchScreen.storyboard */; };
		8F27D5AB2569A69D00B0690B /* PetManagerTests.swift in Sources */ = {isa = PBXBuildFile; fileRef = 8F27D5AA2569A69D00B0690B /* PetManagerTests.swift */; };
		8F27D5B62569A69D00B0690B /* PetManagerUITests.swift in Sources */ = {isa = PBXBuildFile; fileRef = 8F27D5B52569A69D00B0690B /* PetManagerUITests.swift */; };
		8F58A1F4256C442200FE196C /* LoginViewController.swift in Sources */ = {isa = PBXBuildFile; fileRef = 8F58A1F3256C442200FE196C /* LoginViewController.swift */; };
		8F58A1F9256C443500FE196C /* HomeFeedViewController.swift in Sources */ = {isa = PBXBuildFile; fileRef = 8F58A1F8256C443500FE196C /* HomeFeedViewController.swift */; };
		8F58A1FE256C4A9A00FE196C /* SignUpViewController.swift in Sources */ = {isa = PBXBuildFile; fileRef = 8F58A1FD256C4A9A00FE196C /* SignUpViewController.swift */; };
		8F61CB91257DDB8D00EB17F8 /* PetCollectionViewCell.swift in Sources */ = {isa = PBXBuildFile; fileRef = 8F61CB90257DDB8D00EB17F8 /* PetCollectionViewCell.swift */; };
		8F8FBCBC2577096B0046000C /* AddPetViewController.swift in Sources */ = {isa = PBXBuildFile; fileRef = 8F8FBCBB2577096B0046000C /* AddPetViewController.swift */; };
		8F8FBCC8257734A10046000C /* Main.storyboard in Resources */ = {isa = PBXBuildFile; fileRef = 8F8FBCC6257734A10046000C /* Main.storyboard */; };
		BBB4C3718B6979BA3EC90E0B /* Pods_PetManagerTests.framework in Frameworks */ = {isa = PBXBuildFile; fileRef = 372055BD77670DF9E4FC3B4F /* Pods_PetManagerTests.framework */; };
		EE8FFE1AC08663CE3A91A688 /* Pods_PetManager_PetManagerUITests.framework in Frameworks */ = {isa = PBXBuildFile; fileRef = 74DD1C6DFCFA283B76BE9063 /* Pods_PetManager_PetManagerUITests.framework */; };
/* End PBXBuildFile section */

/* Begin PBXContainerItemProxy section */
		8F27D5A72569A69D00B0690B /* PBXContainerItemProxy */ = {
			isa = PBXContainerItemProxy;
			containerPortal = 8F27D5882569A69C00B0690B /* Project object */;
			proxyType = 1;
			remoteGlobalIDString = 8F27D58F2569A69C00B0690B;
			remoteInfo = PetManager;
		};
		8F27D5B22569A69D00B0690B /* PBXContainerItemProxy */ = {
			isa = PBXContainerItemProxy;
			containerPortal = 8F27D5882569A69C00B0690B /* Project object */;
			proxyType = 1;
			remoteGlobalIDString = 8F27D58F2569A69C00B0690B;
			remoteInfo = PetManager;
		};
/* End PBXContainerItemProxy section */

/* Begin PBXFileReference section */
		372055BD77670DF9E4FC3B4F /* Pods_PetManagerTests.framework */ = {isa = PBXFileReference; explicitFileType = wrapper.framework; includeInIndex = 0; path = Pods_PetManagerTests.framework; sourceTree = BUILT_PRODUCTS_DIR; };
		53103F952573224600EF569C /* PostViewController.swift */ = {isa = PBXFileReference; lastKnownFileType = sourcecode.swift; path = PostViewController.swift; sourceTree = "<group>"; };
		53103F9A2573225A00EF569C /* HealthFeedViewController.swift */ = {isa = PBXFileReference; lastKnownFileType = sourcecode.swift; path = HealthFeedViewController.swift; sourceTree = "<group>"; };
		74DD1C6DFCFA283B76BE9063 /* Pods_PetManager_PetManagerUITests.framework */ = {isa = PBXFileReference; explicitFileType = wrapper.framework; includeInIndex = 0; path = Pods_PetManager_PetManagerUITests.framework; sourceTree = BUILT_PRODUCTS_DIR; };
		8F27D5902569A69C00B0690B /* PetManager.app */ = {isa = PBXFileReference; explicitFileType = wrapper.application; includeInIndex = 0; path = PetManager.app; sourceTree = BUILT_PRODUCTS_DIR; };
		8F27D5932569A69C00B0690B /* AppDelegate.swift */ = {isa = PBXFileReference; lastKnownFileType = sourcecode.swift; path = AppDelegate.swift; sourceTree = "<group>"; };
		8F27D5952569A69C00B0690B /* SceneDelegate.swift */ = {isa = PBXFileReference; lastKnownFileType = sourcecode.swift; path = SceneDelegate.swift; sourceTree = "<group>"; };
		8F27D59C2569A69D00B0690B /* Assets.xcassets */ = {isa = PBXFileReference; lastKnownFileType = folder.assetcatalog; path = Assets.xcassets; sourceTree = "<group>"; };
		8F27D59F2569A69D00B0690B /* Base */ = {isa = PBXFileReference; lastKnownFileType = file.storyboard; name = Base; path = Base.lproj/LaunchScreen.storyboard; sourceTree = "<group>"; };
		8F27D5A12569A69D00B0690B /* Info.plist */ = {isa = PBXFileReference; lastKnownFileType = text.plist.xml; path = Info.plist; sourceTree = "<group>"; };
		8F27D5A62569A69D00B0690B /* PetManagerTests.xctest */ = {isa = PBXFileReference; explicitFileType = wrapper.cfbundle; includeInIndex = 0; path = PetManagerTests.xctest; sourceTree = BUILT_PRODUCTS_DIR; };
		8F27D5AA2569A69D00B0690B /* PetManagerTests.swift */ = {isa = PBXFileReference; lastKnownFileType = sourcecode.swift; path = PetManagerTests.swift; sourceTree = "<group>"; };
		8F27D5AC2569A69D00B0690B /* Info.plist */ = {isa = PBXFileReference; lastKnownFileType = text.plist.xml; path = Info.plist; sourceTree = "<group>"; };
		8F27D5B12569A69D00B0690B /* PetManagerUITests.xctest */ = {isa = PBXFileReference; explicitFileType = wrapper.cfbundle; includeInIndex = 0; path = PetManagerUITests.xctest; sourceTree = BUILT_PRODUCTS_DIR; };
		8F27D5B52569A69D00B0690B /* PetManagerUITests.swift */ = {isa = PBXFileReference; lastKnownFileType = sourcecode.swift; path = PetManagerUITests.swift; sourceTree = "<group>"; };
		8F27D5B72569A69D00B0690B /* Info.plist */ = {isa = PBXFileReference; lastKnownFileType = text.plist.xml; path = Info.plist; sourceTree = "<group>"; };
		8F58A1F3256C442200FE196C /* LoginViewController.swift */ = {isa = PBXFileReference; lastKnownFileType = sourcecode.swift; path = LoginViewController.swift; sourceTree = "<group>"; };
		8F58A1F8256C443500FE196C /* HomeFeedViewController.swift */ = {isa = PBXFileReference; lastKnownFileType = sourcecode.swift; path = HomeFeedViewController.swift; sourceTree = "<group>"; };
		8F58A1FD256C4A9A00FE196C /* SignUpViewController.swift */ = {isa = PBXFileReference; lastKnownFileType = sourcecode.swift; path = SignUpViewController.swift; sourceTree = "<group>"; };
		8F61CB90257DDB8D00EB17F8 /* PetCollectionViewCell.swift */ = {isa = PBXFileReference; lastKnownFileType = sourcecode.swift; path = PetCollectionViewCell.swift; sourceTree = "<group>"; };
		8F8FBCBB2577096B0046000C /* AddPetViewController.swift */ = {isa = PBXFileReference; lastKnownFileType = sourcecode.swift; path = AddPetViewController.swift; sourceTree = "<group>"; };
		8F8FBCC7257734A10046000C /* Base */ = {isa = PBXFileReference; lastKnownFileType = file.storyboard; name = Base; path = Base.lproj/Main.storyboard; sourceTree = "<group>"; };
		A8144765DE90541AB994697C /* Pods-PetManager.debug.xcconfig */ = {isa = PBXFileReference; includeInIndex = 1; lastKnownFileType = text.xcconfig; name = "Pods-PetManager.debug.xcconfig"; path = "Target Support Files/Pods-PetManager/Pods-PetManager.debug.xcconfig"; sourceTree = "<group>"; };
		B4FF01791E922E77178B663F /* Pods-PetManager.release.xcconfig */ = {isa = PBXFileReference; includeInIndex = 1; lastKnownFileType = text.xcconfig; name = "Pods-PetManager.release.xcconfig"; path = "Target Support Files/Pods-PetManager/Pods-PetManager.release.xcconfig"; sourceTree = "<group>"; };
		CBEC08E7438C3E036A7B1C5F /* Pods-PetManager-PetManagerUITests.release.xcconfig */ = {isa = PBXFileReference; includeInIndex = 1; lastKnownFileType = text.xcconfig; name = "Pods-PetManager-PetManagerUITests.release.xcconfig"; path = "Target Support Files/Pods-PetManager-PetManagerUITests/Pods-PetManager-PetManagerUITests.release.xcconfig"; sourceTree = "<group>"; };
		DA6281A9AC8366D5F1435CFE /* Pods_PetManager.framework */ = {isa = PBXFileReference; explicitFileType = wrapper.framework; includeInIndex = 0; path = Pods_PetManager.framework; sourceTree = BUILT_PRODUCTS_DIR; };
		F49099F46503BAFFF598C36C /* Pods-PetManagerTests.debug.xcconfig */ = {isa = PBXFileReference; includeInIndex = 1; lastKnownFileType = text.xcconfig; name = "Pods-PetManagerTests.debug.xcconfig"; path = "Target Support Files/Pods-PetManagerTests/Pods-PetManagerTests.debug.xcconfig"; sourceTree = "<group>"; };
		F9DB7FDBC339E0B3D2E39A78 /* Pods-PetManagerTests.release.xcconfig */ = {isa = PBXFileReference; includeInIndex = 1; lastKnownFileType = text.xcconfig; name = "Pods-PetManagerTests.release.xcconfig"; path = "Target Support Files/Pods-PetManagerTests/Pods-PetManagerTests.release.xcconfig"; sourceTree = "<group>"; };
		FA78B9F59DC89B1F1911EE8C /* Pods-PetManager-PetManagerUITests.debug.xcconfig */ = {isa = PBXFileReference; includeInIndex = 1; lastKnownFileType = text.xcconfig; name = "Pods-PetManager-PetManagerUITests.debug.xcconfig"; path = "Target Support Files/Pods-PetManager-PetManagerUITests/Pods-PetManager-PetManagerUITests.debug.xcconfig"; sourceTree = "<group>"; };
/* End PBXFileReference section */

/* Begin PBXFrameworksBuildPhase section */
		8F27D58D2569A69C00B0690B /* Frameworks */ = {
			isa = PBXFrameworksBuildPhase;
			buildActionMask = 2147483647;
			files = (
				4734D16B52D18DACA713A466 /* Pods_PetManager.framework in Frameworks */,
			);
			runOnlyForDeploymentPostprocessing = 0;
		};
		8F27D5A32569A69D00B0690B /* Frameworks */ = {
			isa = PBXFrameworksBuildPhase;
			buildActionMask = 2147483647;
			files = (
				BBB4C3718B6979BA3EC90E0B /* Pods_PetManagerTests.framework in Frameworks */,
			);
			runOnlyForDeploymentPostprocessing = 0;
		};
		8F27D5AE2569A69D00B0690B /* Frameworks */ = {
			isa = PBXFrameworksBuildPhase;
			buildActionMask = 2147483647;
			files = (
				EE8FFE1AC08663CE3A91A688 /* Pods_PetManager_PetManagerUITests.framework in Frameworks */,
			);
			runOnlyForDeploymentPostprocessing = 0;
		};
/* End PBXFrameworksBuildPhase section */

/* Begin PBXGroup section */
		3EC887B079C3DEBA496B45E6 /* Frameworks */ = {
			isa = PBXGroup;
			children = (
				DA6281A9AC8366D5F1435CFE /* Pods_PetManager.framework */,
				74DD1C6DFCFA283B76BE9063 /* Pods_PetManager_PetManagerUITests.framework */,
				372055BD77670DF9E4FC3B4F /* Pods_PetManagerTests.framework */,
			);
			name = Frameworks;
			sourceTree = "<group>";
		};
		8F27D5872569A69C00B0690B = {
			isa = PBXGroup;
			children = (
				8F27D5922569A69C00B0690B /* PetManager */,
				8F27D5A92569A69D00B0690B /* PetManagerTests */,
				8F27D5B42569A69D00B0690B /* PetManagerUITests */,
				8F27D5912569A69C00B0690B /* Products */,
				94270A42F1B25E6599B0C534 /* Pods */,
				3EC887B079C3DEBA496B45E6 /* Frameworks */,
			);
			sourceTree = "<group>";
		};
		8F27D5912569A69C00B0690B /* Products */ = {
			isa = PBXGroup;
			children = (
				8F27D5902569A69C00B0690B /* PetManager.app */,
				8F27D5A62569A69D00B0690B /* PetManagerTests.xctest */,
				8F27D5B12569A69D00B0690B /* PetManagerUITests.xctest */,
			);
			name = Products;
			sourceTree = "<group>";
		};
		8F27D5922569A69C00B0690B /* PetManager */ = {
			isa = PBXGroup;
			children = (
				8F27D5932569A69C00B0690B /* AppDelegate.swift */,
				8F27D5952569A69C00B0690B /* SceneDelegate.swift */,
				8F8FBCC6257734A10046000C /* Main.storyboard */,
				8F61CB90257DDB8D00EB17F8 /* PetCollectionViewCell.swift */,
				8F8FBCBB2577096B0046000C /* AddPetViewController.swift */,
				8F58A1FD256C4A9A00FE196C /* SignUpViewController.swift */,
				8F58A1F3256C442200FE196C /* LoginViewController.swift */,
				8F58A1F8256C443500FE196C /* HomeFeedViewController.swift */,
				8F27D59C2569A69D00B0690B /* Assets.xcassets */,
				8F27D59E2569A69D00B0690B /* LaunchScreen.storyboard */,
				8F27D5A12569A69D00B0690B /* Info.plist */,
				53103F952573224600EF569C /* PostViewController.swift */,
				53103F9A2573225A00EF569C /* HealthFeedViewController.swift */,
			);
			path = PetManager;
			sourceTree = "<group>";
		};
		8F27D5A92569A69D00B0690B /* PetManagerTests */ = {
			isa = PBXGroup;
			children = (
				8F27D5AA2569A69D00B0690B /* PetManagerTests.swift */,
				8F27D5AC2569A69D00B0690B /* Info.plist */,
			);
			path = PetManagerTests;
			sourceTree = "<group>";
		};
		8F27D5B42569A69D00B0690B /* PetManagerUITests */ = {
			isa = PBXGroup;
			children = (
				8F27D5B52569A69D00B0690B /* PetManagerUITests.swift */,
				8F27D5B72569A69D00B0690B /* Info.plist */,
			);
			path = PetManagerUITests;
			sourceTree = "<group>";
		};
		94270A42F1B25E6599B0C534 /* Pods */ = {
			isa = PBXGroup;
			children = (
				A8144765DE90541AB994697C /* Pods-PetManager.debug.xcconfig */,
				B4FF01791E922E77178B663F /* Pods-PetManager.release.xcconfig */,
				FA78B9F59DC89B1F1911EE8C /* Pods-PetManager-PetManagerUITests.debug.xcconfig */,
				CBEC08E7438C3E036A7B1C5F /* Pods-PetManager-PetManagerUITests.release.xcconfig */,
				F49099F46503BAFFF598C36C /* Pods-PetManagerTests.debug.xcconfig */,
				F9DB7FDBC339E0B3D2E39A78 /* Pods-PetManagerTests.release.xcconfig */,
			);
			path = Pods;
			sourceTree = "<group>";
		};
/* End PBXGroup section */

/* Begin PBXNativeTarget section */
		8F27D58F2569A69C00B0690B /* PetManager */ = {
			isa = PBXNativeTarget;
			buildConfigurationList = 8F27D5BA2569A69D00B0690B /* Build configuration list for PBXNativeTarget "PetManager" */;
			buildPhases = (
				284E036123F6FC961C411E6D /* [CP] Check Pods Manifest.lock */,
				8F27D58C2569A69C00B0690B /* Sources */,
				8F27D58D2569A69C00B0690B /* Frameworks */,
				8F27D58E2569A69C00B0690B /* Resources */,
				1CFC98566C40EDFD8BA33913 /* [CP] Embed Pods Frameworks */,
			);
			buildRules = (
			);
			dependencies = (
			);
			name = PetManager;
			productName = PetManager;
			productReference = 8F27D5902569A69C00B0690B /* PetManager.app */;
			productType = "com.apple.product-type.application";
		};
		8F27D5A52569A69D00B0690B /* PetManagerTests */ = {
			isa = PBXNativeTarget;
			buildConfigurationList = 8F27D5BD2569A69D00B0690B /* Build configuration list for PBXNativeTarget "PetManagerTests" */;
			buildPhases = (
				C1EE0FD81D54E47A562254D9 /* [CP] Check Pods Manifest.lock */,
				8F27D5A22569A69D00B0690B /* Sources */,
				8F27D5A32569A69D00B0690B /* Frameworks */,
				8F27D5A42569A69D00B0690B /* Resources */,
			);
			buildRules = (
			);
			dependencies = (
				8F27D5A82569A69D00B0690B /* PBXTargetDependency */,
			);
			name = PetManagerTests;
			productName = PetManagerTests;
			productReference = 8F27D5A62569A69D00B0690B /* PetManagerTests.xctest */;
			productType = "com.apple.product-type.bundle.unit-test";
		};
		8F27D5B02569A69D00B0690B /* PetManagerUITests */ = {
			isa = PBXNativeTarget;
			buildConfigurationList = 8F27D5C02569A69D00B0690B /* Build configuration list for PBXNativeTarget "PetManagerUITests" */;
			buildPhases = (
				F64EEE259AB900479DA163FA /* [CP] Check Pods Manifest.lock */,
				8F27D5AD2569A69D00B0690B /* Sources */,
				8F27D5AE2569A69D00B0690B /* Frameworks */,
				8F27D5AF2569A69D00B0690B /* Resources */,
				AA911517BDF50FFA91FD5BCB /* [CP] Embed Pods Frameworks */,
			);
			buildRules = (
			);
			dependencies = (
				8F27D5B32569A69D00B0690B /* PBXTargetDependency */,
			);
			name = PetManagerUITests;
			productName = PetManagerUITests;
			productReference = 8F27D5B12569A69D00B0690B /* PetManagerUITests.xctest */;
			productType = "com.apple.product-type.bundle.ui-testing";
		};
/* End PBXNativeTarget section */

/* Begin PBXProject section */
		8F27D5882569A69C00B0690B /* Project object */ = {
			isa = PBXProject;
			attributes = {
				LastSwiftUpdateCheck = 1200;
				LastUpgradeCheck = 1200;
				TargetAttributes = {
					8F27D58F2569A69C00B0690B = {
						CreatedOnToolsVersion = 12.0.1;
					};
					8F27D5A52569A69D00B0690B = {
						CreatedOnToolsVersion = 12.0.1;
						TestTargetID = 8F27D58F2569A69C00B0690B;
					};
					8F27D5B02569A69D00B0690B = {
						CreatedOnToolsVersion = 12.0.1;
						TestTargetID = 8F27D58F2569A69C00B0690B;
					};
				};
			};
			buildConfigurationList = 8F27D58B2569A69C00B0690B /* Build configuration list for PBXProject "PetManager" */;
			compatibilityVersion = "Xcode 9.3";
			developmentRegion = en;
			hasScannedForEncodings = 0;
			knownRegions = (
				en,
				Base,
			);
			mainGroup = 8F27D5872569A69C00B0690B;
			productRefGroup = 8F27D5912569A69C00B0690B /* Products */;
			projectDirPath = "";
			projectRoot = "";
			targets = (
				8F27D58F2569A69C00B0690B /* PetManager */,
				8F27D5A52569A69D00B0690B /* PetManagerTests */,
				8F27D5B02569A69D00B0690B /* PetManagerUITests */,
			);
		};
/* End PBXProject section */

/* Begin PBXResourcesBuildPhase section */
		8F27D58E2569A69C00B0690B /* Resources */ = {
			isa = PBXResourcesBuildPhase;
			buildActionMask = 2147483647;
			files = (
				8F8FBCC8257734A10046000C /* Main.storyboard in Resources */,
				8F27D5A02569A69D00B0690B /* LaunchScreen.storyboard in Resources */,
				8F27D59D2569A69D00B0690B /* Assets.xcassets in Resources */,
			);
			runOnlyForDeploymentPostprocessing = 0;
		};
		8F27D5A42569A69D00B0690B /* Resources */ = {
			isa = PBXResourcesBuildPhase;
			buildActionMask = 2147483647;
			files = (
			);
			runOnlyForDeploymentPostprocessing = 0;
		};
		8F27D5AF2569A69D00B0690B /* Resources */ = {
			isa = PBXResourcesBuildPhase;
			buildActionMask = 2147483647;
			files = (
			);
			runOnlyForDeploymentPostprocessing = 0;
		};
/* End PBXResourcesBuildPhase section */

/* Begin PBXShellScriptBuildPhase section */
		1CFC98566C40EDFD8BA33913 /* [CP] Embed Pods Frameworks */ = {
			isa = PBXShellScriptBuildPhase;
			buildActionMask = 2147483647;
			files = (
			);
			inputFileListPaths = (
				"${PODS_ROOT}/Target Support Files/Pods-PetManager/Pods-PetManager-frameworks-${CONFIGURATION}-input-files.xcfilelist",
			);
			name = "[CP] Embed Pods Frameworks";
			outputFileListPaths = (
				"${PODS_ROOT}/Target Support Files/Pods-PetManager/Pods-PetManager-frameworks-${CONFIGURATION}-output-files.xcfilelist",
			);
			runOnlyForDeploymentPostprocessing = 0;
			shellPath = /bin/sh;
			shellScript = "\"${PODS_ROOT}/Target Support Files/Pods-PetManager/Pods-PetManager-frameworks.sh\"\n";
			showEnvVarsInLog = 0;
		};
		284E036123F6FC961C411E6D /* [CP] Check Pods Manifest.lock */ = {
			isa = PBXShellScriptBuildPhase;
			buildActionMask = 2147483647;
			files = (
			);
			inputFileListPaths = (
			);
			inputPaths = (
				"${PODS_PODFILE_DIR_PATH}/Podfile.lock",
				"${PODS_ROOT}/Manifest.lock",
			);
			name = "[CP] Check Pods Manifest.lock";
			outputFileListPaths = (
			);
			outputPaths = (
				"$(DERIVED_FILE_DIR)/Pods-PetManager-checkManifestLockResult.txt",
			);
			runOnlyForDeploymentPostprocessing = 0;
			shellPath = /bin/sh;
			shellScript = "diff \"${PODS_PODFILE_DIR_PATH}/Podfile.lock\" \"${PODS_ROOT}/Manifest.lock\" > /dev/null\nif [ $? != 0 ] ; then\n    # print error to STDERR\n    echo \"error: The sandbox is not in sync with the Podfile.lock. Run 'pod install' or update your CocoaPods installation.\" >&2\n    exit 1\nfi\n# This output is used by Xcode 'outputs' to avoid re-running this script phase.\necho \"SUCCESS\" > \"${SCRIPT_OUTPUT_FILE_0}\"\n";
			showEnvVarsInLog = 0;
		};
		AA911517BDF50FFA91FD5BCB /* [CP] Embed Pods Frameworks */ = {
			isa = PBXShellScriptBuildPhase;
			buildActionMask = 2147483647;
			files = (
			);
			inputFileListPaths = (
				"${PODS_ROOT}/Target Support Files/Pods-PetManager-PetManagerUITests/Pods-PetManager-PetManagerUITests-frameworks-${CONFIGURATION}-input-files.xcfilelist",
			);
			name = "[CP] Embed Pods Frameworks";
			outputFileListPaths = (
				"${PODS_ROOT}/Target Support Files/Pods-PetManager-PetManagerUITests/Pods-PetManager-PetManagerUITests-frameworks-${CONFIGURATION}-output-files.xcfilelist",
			);
			runOnlyForDeploymentPostprocessing = 0;
			shellPath = /bin/sh;
			shellScript = "\"${PODS_ROOT}/Target Support Files/Pods-PetManager-PetManagerUITests/Pods-PetManager-PetManagerUITests-frameworks.sh\"\n";
			showEnvVarsInLog = 0;
		};
		C1EE0FD81D54E47A562254D9 /* [CP] Check Pods Manifest.lock */ = {
			isa = PBXShellScriptBuildPhase;
			buildActionMask = 2147483647;
			files = (
			);
			inputFileListPaths = (
			);
			inputPaths = (
				"${PODS_PODFILE_DIR_PATH}/Podfile.lock",
				"${PODS_ROOT}/Manifest.lock",
			);
			name = "[CP] Check Pods Manifest.lock";
			outputFileListPaths = (
			);
			outputPaths = (
				"$(DERIVED_FILE_DIR)/Pods-PetManagerTests-checkManifestLockResult.txt",
			);
			runOnlyForDeploymentPostprocessing = 0;
			shellPath = /bin/sh;
			shellScript = "diff \"${PODS_PODFILE_DIR_PATH}/Podfile.lock\" \"${PODS_ROOT}/Manifest.lock\" > /dev/null\nif [ $? != 0 ] ; then\n    # print error to STDERR\n    echo \"error: The sandbox is not in sync with the Podfile.lock. Run 'pod install' or update your CocoaPods installation.\" >&2\n    exit 1\nfi\n# This output is used by Xcode 'outputs' to avoid re-running this script phase.\necho \"SUCCESS\" > \"${SCRIPT_OUTPUT_FILE_0}\"\n";
			showEnvVarsInLog = 0;
		};
		F64EEE259AB900479DA163FA /* [CP] Check Pods Manifest.lock */ = {
			isa = PBXShellScriptBuildPhase;
			buildActionMask = 2147483647;
			files = (
			);
			inputFileListPaths = (
			);
			inputPaths = (
				"${PODS_PODFILE_DIR_PATH}/Podfile.lock",
				"${PODS_ROOT}/Manifest.lock",
			);
			name = "[CP] Check Pods Manifest.lock";
			outputFileListPaths = (
			);
			outputPaths = (
				"$(DERIVED_FILE_DIR)/Pods-PetManager-PetManagerUITests-checkManifestLockResult.txt",
			);
			runOnlyForDeploymentPostprocessing = 0;
			shellPath = /bin/sh;
			shellScript = "diff \"${PODS_PODFILE_DIR_PATH}/Podfile.lock\" \"${PODS_ROOT}/Manifest.lock\" > /dev/null\nif [ $? != 0 ] ; then\n    # print error to STDERR\n    echo \"error: The sandbox is not in sync with the Podfile.lock. Run 'pod install' or update your CocoaPods installation.\" >&2\n    exit 1\nfi\n# This output is used by Xcode 'outputs' to avoid re-running this script phase.\necho \"SUCCESS\" > \"${SCRIPT_OUTPUT_FILE_0}\"\n";
			showEnvVarsInLog = 0;
		};
/* End PBXShellScriptBuildPhase section */

/* Begin PBXSourcesBuildPhase section */
		8F27D58C2569A69C00B0690B /* Sources */ = {
			isa = PBXSourcesBuildPhase;
			buildActionMask = 2147483647;
			files = (
				53103F962573224600EF569C /* PostViewController.swift in Sources */,
				8F58A1F4256C442200FE196C /* LoginViewController.swift in Sources */,
				8F61CB91257DDB8D00EB17F8 /* PetCollectionViewCell.swift in Sources */,
				8F27D5942569A69C00B0690B /* AppDelegate.swift in Sources */,
				8F27D5962569A69C00B0690B /* SceneDelegate.swift in Sources */,
				53103F9B2573225A00EF569C /* HealthFeedViewController.swift in Sources */,
				8F58A1F9256C443500FE196C /* HomeFeedViewController.swift in Sources */,
				8F8FBCBC2577096B0046000C /* AddPetViewController.swift in Sources */,
				8F58A1FE256C4A9A00FE196C /* SignUpViewController.swift in Sources */,
			);
			runOnlyForDeploymentPostprocessing = 0;
		};
		8F27D5A22569A69D00B0690B /* Sources */ = {
			isa = PBXSourcesBuildPhase;
			buildActionMask = 2147483647;
			files = (
				8F27D5AB2569A69D00B0690B /* PetManagerTests.swift in Sources */,
			);
			runOnlyForDeploymentPostprocessing = 0;
		};
		8F27D5AD2569A69D00B0690B /* Sources */ = {
			isa = PBXSourcesBuildPhase;
			buildActionMask = 2147483647;
			files = (
				8F27D5B62569A69D00B0690B /* PetManagerUITests.swift in Sources */,
			);
			runOnlyForDeploymentPostprocessing = 0;
		};
/* End PBXSourcesBuildPhase section */

/* Begin PBXTargetDependency section */
		8F27D5A82569A69D00B0690B /* PBXTargetDependency */ = {
			isa = PBXTargetDependency;
			target = 8F27D58F2569A69C00B0690B /* PetManager */;
			targetProxy = 8F27D5A72569A69D00B0690B /* PBXContainerItemProxy */;
		};
		8F27D5B32569A69D00B0690B /* PBXTargetDependency */ = {
			isa = PBXTargetDependency;
			target = 8F27D58F2569A69C00B0690B /* PetManager */;
			targetProxy = 8F27D5B22569A69D00B0690B /* PBXContainerItemProxy */;
		};
/* End PBXTargetDependency section */

/* Begin PBXVariantGroup section */
		8F27D59E2569A69D00B0690B /* LaunchScreen.storyboard */ = {
			isa = PBXVariantGroup;
			children = (
				8F27D59F2569A69D00B0690B /* Base */,
			);
			name = LaunchScreen.storyboard;
			sourceTree = "<group>";
		};
		8F8FBCC6257734A10046000C /* Main.storyboard */ = {
			isa = PBXVariantGroup;
			children = (
				8F8FBCC7257734A10046000C /* Base */,
			);
			name = Main.storyboard;
			sourceTree = "<group>";
		};
/* End PBXVariantGroup section */

/* Begin XCBuildConfiguration section */
		8F27D5B82569A69D00B0690B /* Debug */ = {
			isa = XCBuildConfiguration;
			buildSettings = {
				ALWAYS_SEARCH_USER_PATHS = NO;
				CLANG_ANALYZER_NONNULL = YES;
				CLANG_ANALYZER_NUMBER_OBJECT_CONVERSION = YES_AGGRESSIVE;
				CLANG_CXX_LANGUAGE_STANDARD = "gnu++14";
				CLANG_CXX_LIBRARY = "libc++";
				CLANG_ENABLE_MODULES = YES;
				CLANG_ENABLE_OBJC_ARC = YES;
				CLANG_ENABLE_OBJC_WEAK = YES;
				CLANG_WARN_BLOCK_CAPTURE_AUTORELEASING = YES;
				CLANG_WARN_BOOL_CONVERSION = YES;
				CLANG_WARN_COMMA = YES;
				CLANG_WARN_CONSTANT_CONVERSION = YES;
				CLANG_WARN_DEPRECATED_OBJC_IMPLEMENTATIONS = YES;
				CLANG_WARN_DIRECT_OBJC_ISA_USAGE = YES_ERROR;
				CLANG_WARN_DOCUMENTATION_COMMENTS = YES;
				CLANG_WARN_EMPTY_BODY = YES;
				CLANG_WARN_ENUM_CONVERSION = YES;
				CLANG_WARN_INFINITE_RECURSION = YES;
				CLANG_WARN_INT_CONVERSION = YES;
				CLANG_WARN_NON_LITERAL_NULL_CONVERSION = YES;
				CLANG_WARN_OBJC_IMPLICIT_RETAIN_SELF = YES;
				CLANG_WARN_OBJC_LITERAL_CONVERSION = YES;
				CLANG_WARN_OBJC_ROOT_CLASS = YES_ERROR;
				CLANG_WARN_QUOTED_INCLUDE_IN_FRAMEWORK_HEADER = YES;
				CLANG_WARN_RANGE_LOOP_ANALYSIS = YES;
				CLANG_WARN_STRICT_PROTOTYPES = YES;
				CLANG_WARN_SUSPICIOUS_MOVE = YES;
				CLANG_WARN_UNGUARDED_AVAILABILITY = YES_AGGRESSIVE;
				CLANG_WARN_UNREACHABLE_CODE = YES;
				CLANG_WARN__DUPLICATE_METHOD_MATCH = YES;
				COPY_PHASE_STRIP = NO;
				DEBUG_INFORMATION_FORMAT = dwarf;
				ENABLE_STRICT_OBJC_MSGSEND = YES;
				ENABLE_TESTABILITY = YES;
				GCC_C_LANGUAGE_STANDARD = gnu11;
				GCC_DYNAMIC_NO_PIC = NO;
				GCC_NO_COMMON_BLOCKS = YES;
				GCC_OPTIMIZATION_LEVEL = 0;
				GCC_PREPROCESSOR_DEFINITIONS = (
					"DEBUG=1",
					"$(inherited)",
				);
				GCC_WARN_64_TO_32_BIT_CONVERSION = YES;
				GCC_WARN_ABOUT_RETURN_TYPE = YES_ERROR;
				GCC_WARN_UNDECLARED_SELECTOR = YES;
				GCC_WARN_UNINITIALIZED_AUTOS = YES_AGGRESSIVE;
				GCC_WARN_UNUSED_FUNCTION = YES;
				GCC_WARN_UNUSED_VARIABLE = YES;
				IPHONEOS_DEPLOYMENT_TARGET = 14.0;
				MTL_ENABLE_DEBUG_INFO = INCLUDE_SOURCE;
				MTL_FAST_MATH = YES;
				ONLY_ACTIVE_ARCH = YES;
				SDKROOT = iphoneos;
				SWIFT_ACTIVE_COMPILATION_CONDITIONS = DEBUG;
				SWIFT_OPTIMIZATION_LEVEL = "-Onone";
			};
			name = Debug;
		};
		8F27D5B92569A69D00B0690B /* Release */ = {
			isa = XCBuildConfiguration;
			buildSettings = {
				ALWAYS_SEARCH_USER_PATHS = NO;
				CLANG_ANALYZER_NONNULL = YES;
				CLANG_ANALYZER_NUMBER_OBJECT_CONVERSION = YES_AGGRESSIVE;
				CLANG_CXX_LANGUAGE_STANDARD = "gnu++14";
				CLANG_CXX_LIBRARY = "libc++";
				CLANG_ENABLE_MODULES = YES;
				CLANG_ENABLE_OBJC_ARC = YES;
				CLANG_ENABLE_OBJC_WEAK = YES;
				CLANG_WARN_BLOCK_CAPTURE_AUTORELEASING = YES;
				CLANG_WARN_BOOL_CONVERSION = YES;
				CLANG_WARN_COMMA = YES;
				CLANG_WARN_CONSTANT_CONVERSION = YES;
				CLANG_WARN_DEPRECATED_OBJC_IMPLEMENTATIONS = YES;
				CLANG_WARN_DIRECT_OBJC_ISA_USAGE = YES_ERROR;
				CLANG_WARN_DOCUMENTATION_COMMENTS = YES;
				CLANG_WARN_EMPTY_BODY = YES;
				CLANG_WARN_ENUM_CONVERSION = YES;
				CLANG_WARN_INFINITE_RECURSION = YES;
				CLANG_WARN_INT_CONVERSION = YES;
				CLANG_WARN_NON_LITERAL_NULL_CONVERSION = YES;
				CLANG_WARN_OBJC_IMPLICIT_RETAIN_SELF = YES;
				CLANG_WARN_OBJC_LITERAL_CONVERSION = YES;
				CLANG_WARN_OBJC_ROOT_CLASS = YES_ERROR;
				CLANG_WARN_QUOTED_INCLUDE_IN_FRAMEWORK_HEADER = YES;
				CLANG_WARN_RANGE_LOOP_ANALYSIS = YES;
				CLANG_WARN_STRICT_PROTOTYPES = YES;
				CLANG_WARN_SUSPICIOUS_MOVE = YES;
				CLANG_WARN_UNGUARDED_AVAILABILITY = YES_AGGRESSIVE;
				CLANG_WARN_UNREACHABLE_CODE = YES;
				CLANG_WARN__DUPLICATE_METHOD_MATCH = YES;
				COPY_PHASE_STRIP = NO;
				DEBUG_INFORMATION_FORMAT = "dwarf-with-dsym";
				ENABLE_NS_ASSERTIONS = NO;
				ENABLE_STRICT_OBJC_MSGSEND = YES;
				GCC_C_LANGUAGE_STANDARD = gnu11;
				GCC_NO_COMMON_BLOCKS = YES;
				GCC_WARN_64_TO_32_BIT_CONVERSION = YES;
				GCC_WARN_ABOUT_RETURN_TYPE = YES_ERROR;
				GCC_WARN_UNDECLARED_SELECTOR = YES;
				GCC_WARN_UNINITIALIZED_AUTOS = YES_AGGRESSIVE;
				GCC_WARN_UNUSED_FUNCTION = YES;
				GCC_WARN_UNUSED_VARIABLE = YES;
				IPHONEOS_DEPLOYMENT_TARGET = 14.0;
				MTL_ENABLE_DEBUG_INFO = NO;
				MTL_FAST_MATH = YES;
				SDKROOT = iphoneos;
				SWIFT_COMPILATION_MODE = wholemodule;
				SWIFT_OPTIMIZATION_LEVEL = "-O";
				VALIDATE_PRODUCT = YES;
			};
			name = Release;
		};
		8F27D5BB2569A69D00B0690B /* Debug */ = {
			isa = XCBuildConfiguration;
			baseConfigurationReference = A8144765DE90541AB994697C /* Pods-PetManager.debug.xcconfig */;
			buildSettings = {
				ASSETCATALOG_COMPILER_APPICON_NAME = AppIcon;
				ASSETCATALOG_COMPILER_GLOBAL_ACCENT_COLOR_NAME = AccentColor;
				CODE_SIGN_STYLE = Automatic;
				INFOPLIST_FILE = PetManager/Info.plist;
				LD_RUNPATH_SEARCH_PATHS = (
					"$(inherited)",
					"@executable_path/Frameworks",
				);
				PRODUCT_BUNDLE_IDENTIFIER = edu.wellesley.yliao.PetManager;
				PRODUCT_NAME = "$(TARGET_NAME)";
				SWIFT_VERSION = 5.0;
				TARGETED_DEVICE_FAMILY = "1,2";
			};
			name = Debug;
		};
		8F27D5BC2569A69D00B0690B /* Release */ = {
			isa = XCBuildConfiguration;
			baseConfigurationReference = B4FF01791E922E77178B663F /* Pods-PetManager.release.xcconfig */;
			buildSettings = {
				ASSETCATALOG_COMPILER_APPICON_NAME = AppIcon;
				ASSETCATALOG_COMPILER_GLOBAL_ACCENT_COLOR_NAME = AccentColor;
				CODE_SIGN_STYLE = Automatic;
				INFOPLIST_FILE = PetManager/Info.plist;
				LD_RUNPATH_SEARCH_PATHS = (
					"$(inherited)",
					"@executable_path/Frameworks",
				);
				PRODUCT_BUNDLE_IDENTIFIER = edu.wellesley.yliao.PetManager;
				PRODUCT_NAME = "$(TARGET_NAME)";
				SWIFT_VERSION = 5.0;
				TARGETED_DEVICE_FAMILY = "1,2";
			};
			name = Release;
		};
		8F27D5BE2569A69D00B0690B /* Debug */ = {
			isa = XCBuildConfiguration;
			baseConfigurationReference = F49099F46503BAFFF598C36C /* Pods-PetManagerTests.debug.xcconfig */;
			buildSettings = {
				ALWAYS_EMBED_SWIFT_STANDARD_LIBRARIES = YES;
				BUNDLE_LOADER = "$(TEST_HOST)";
				CODE_SIGN_STYLE = Automatic;
				INFOPLIST_FILE = PetManagerTests/Info.plist;
				IPHONEOS_DEPLOYMENT_TARGET = 14.0;
				LD_RUNPATH_SEARCH_PATHS = (
					"$(inherited)",
					"@executable_path/Frameworks",
					"@loader_path/Frameworks",
				);
				PRODUCT_BUNDLE_IDENTIFIER = edu.wellesley.yliao.PetManagerTests;
				PRODUCT_NAME = "$(TARGET_NAME)";
				SWIFT_VERSION = 5.0;
				TARGETED_DEVICE_FAMILY = "1,2";
				TEST_HOST = "$(BUILT_PRODUCTS_DIR)/PetManager.app/PetManager";
			};
			name = Debug;
		};
		8F27D5BF2569A69D00B0690B /* Release */ = {
			isa = XCBuildConfiguration;
			baseConfigurationReference = F9DB7FDBC339E0B3D2E39A78 /* Pods-PetManagerTests.release.xcconfig */;
			buildSettings = {
				ALWAYS_EMBED_SWIFT_STANDARD_LIBRARIES = YES;
				BUNDLE_LOADER = "$(TEST_HOST)";
				CODE_SIGN_STYLE = Automatic;
				INFOPLIST_FILE = PetManagerTests/Info.plist;
				IPHONEOS_DEPLOYMENT_TARGET = 14.0;
				LD_RUNPATH_SEARCH_PATHS = (
					"$(inherited)",
					"@executable_path/Frameworks",
					"@loader_path/Frameworks",
				);
				PRODUCT_BUNDLE_IDENTIFIER = edu.wellesley.yliao.PetManagerTests;
				PRODUCT_NAME = "$(TARGET_NAME)";
				SWIFT_VERSION = 5.0;
				TARGETED_DEVICE_FAMILY = "1,2";
				TEST_HOST = "$(BUILT_PRODUCTS_DIR)/PetManager.app/PetManager";
			};
			name = Release;
		};
		8F27D5C12569A69D00B0690B /* Debug */ = {
			isa = XCBuildConfiguration;
			baseConfigurationReference = FA78B9F59DC89B1F1911EE8C /* Pods-PetManager-PetManagerUITests.debug.xcconfig */;
			buildSettings = {
				ALWAYS_EMBED_SWIFT_STANDARD_LIBRARIES = YES;
				CODE_SIGN_STYLE = Automatic;
				INFOPLIST_FILE = PetManagerUITests/Info.plist;
				LD_RUNPATH_SEARCH_PATHS = (
					"$(inherited)",
					"@executable_path/Frameworks",
					"@loader_path/Frameworks",
				);
				PRODUCT_BUNDLE_IDENTIFIER = edu.wellesley.yliao.PetManagerUITests;
				PRODUCT_NAME = "$(TARGET_NAME)";
				SWIFT_VERSION = 5.0;
				TARGETED_DEVICE_FAMILY = "1,2";
				TEST_TARGET_NAME = PetManager;
			};
			name = Debug;
		};
		8F27D5C22569A69D00B0690B /* Release */ = {
			isa = XCBuildConfiguration;
			baseConfigurationReference = CBEC08E7438C3E036A7B1C5F /* Pods-PetManager-PetManagerUITests.release.xcconfig */;
			buildSettings = {
				ALWAYS_EMBED_SWIFT_STANDARD_LIBRARIES = YES;
				CODE_SIGN_STYLE = Automatic;
				INFOPLIST_FILE = PetManagerUITests/Info.plist;
				LD_RUNPATH_SEARCH_PATHS = (
					"$(inherited)",
					"@executable_path/Frameworks",
					"@loader_path/Frameworks",
				);
				PRODUCT_BUNDLE_IDENTIFIER = edu.wellesley.yliao.PetManagerUITests;
				PRODUCT_NAME = "$(TARGET_NAME)";
				SWIFT_VERSION = 5.0;
				TARGETED_DEVICE_FAMILY = "1,2";
				TEST_TARGET_NAME = PetManager;
			};
			name = Release;
		};
/* End XCBuildConfiguration section */

/* Begin XCConfigurationList section */
		8F27D58B2569A69C00B0690B /* Build configuration list for PBXProject "PetManager" */ = {
			isa = XCConfigurationList;
			buildConfigurations = (
				8F27D5B82569A69D00B0690B /* Debug */,
				8F27D5B92569A69D00B0690B /* Release */,
			);
			defaultConfigurationIsVisible = 0;
			defaultConfigurationName = Release;
		};
		8F27D5BA2569A69D00B0690B /* Build configuration list for PBXNativeTarget "PetManager" */ = {
			isa = XCConfigurationList;
			buildConfigurations = (
				8F27D5BB2569A69D00B0690B /* Debug */,
				8F27D5BC2569A69D00B0690B /* Release */,
			);
			defaultConfigurationIsVisible = 0;
			defaultConfigurationName = Release;
		};
		8F27D5BD2569A69D00B0690B /* Build configuration list for PBXNativeTarget "PetManagerTests" */ = {
			isa = XCConfigurationList;
			buildConfigurations = (
				8F27D5BE2569A69D00B0690B /* Debug */,
				8F27D5BF2569A69D00B0690B /* Release */,
			);
			defaultConfigurationIsVisible = 0;
			defaultConfigurationName = Release;
		};
		8F27D5C02569A69D00B0690B /* Build configuration list for PBXNativeTarget "PetManagerUITests" */ = {
			isa = XCConfigurationList;
			buildConfigurations = (
				8F27D5C12569A69D00B0690B /* Debug */,
				8F27D5C22569A69D00B0690B /* Release */,
			);
			defaultConfigurationIsVisible = 0;
			defaultConfigurationName = Release;
		};
/* End XCConfigurationList section */
	};
	rootObject = 8F27D5882569A69C00B0690B /* Project object */;
}
